// !$*UTF8*$!
{
	archiveVersion = 1;
	classes = {
	};
	objectVersion = 50;
	objects = {

/* Begin PBXBuildFile section */
		02B69B4A30F59A8E827E8145 /* Pods_HealthKitStudy.framework in Frameworks */ = {isa = PBXBuildFile; fileRef = 414E4329D3F3FA7261454F50 /* Pods_HealthKitStudy.framework */; };
		915C9DB7209267FB00A9B5DD /* WorkoutsViewController.swift in Sources */ = {isa = PBXBuildFile; fileRef = 915C9DB6209267FB00A9B5DD /* WorkoutsViewController.swift */; };
		915C9DB92092681500A9B5DD /* HealthKitBaseViewController.swift in Sources */ = {isa = PBXBuildFile; fileRef = 915C9DB82092681500A9B5DD /* HealthKitBaseViewController.swift */; };
		91740F3D208FA0E200A3D24A /* Podfile in Resources */ = {isa = PBXBuildFile; fileRef = 91740F3C208FA0E200A3D24A /* Podfile */; };
		91740F3F208FA11700A3D24A /* SleepingAnalysisViewController.swift in Sources */ = {isa = PBXBuildFile; fileRef = 91740F3E208FA11700A3D24A /* SleepingAnalysisViewController.swift */; };
		91740F43208FB34300A3D24A /* DayAxisValueFormatter.swift in Sources */ = {isa = PBXBuildFile; fileRef = 91740F42208FB34300A3D24A /* DayAxisValueFormatter.swift */; };
		91740F45208FC2F600A3D24A /* SleepingAnalysisChartViewController.swift in Sources */ = {isa = PBXBuildFile; fileRef = 91740F44208FC2F600A3D24A /* SleepingAnalysisChartViewController.swift */; };
		91740F47208FCC6A00A3D24A /* ActivityViewController.swift in Sources */ = {isa = PBXBuildFile; fileRef = 91740F46208FCC6A00A3D24A /* ActivityViewController.swift */; };
		91C80C3920893F2D00013140 /* AppDelegate.swift in Sources */ = {isa = PBXBuildFile; fileRef = 91C80C3820893F2D00013140 /* AppDelegate.swift */; };
		91C80C3B20893F2D00013140 /* MasterViewController.swift in Sources */ = {isa = PBXBuildFile; fileRef = 91C80C3A20893F2D00013140 /* MasterViewController.swift */; };
		91C80C3D20893F2D00013140 /* DetailViewController.swift in Sources */ = {isa = PBXBuildFile; fileRef = 91C80C3C20893F2D00013140 /* DetailViewController.swift */; };
		91C80C4020893F2D00013140 /* Main.storyboard in Resources */ = {isa = PBXBuildFile; fileRef = 91C80C3E20893F2D00013140 /* Main.storyboard */; };
		91C80C4220893F2F00013140 /* Assets.xcassets in Resources */ = {isa = PBXBuildFile; fileRef = 91C80C4120893F2F00013140 /* Assets.xcassets */; };
		91C80C4520893F2F00013140 /* LaunchScreen.storyboard in Resources */ = {isa = PBXBuildFile; fileRef = 91C80C4320893F2F00013140 /* LaunchScreen.storyboard */; };
		91C80C5120894AB700013140 /* HealthKit.framework in Frameworks */ = {isa = PBXBuildFile; fileRef = 91C80C5020894AB700013140 /* HealthKit.framework */; };
		91FCDC3E209A3CBA00CF3762 /* CommonHealthData.swift in Sources */ = {isa = PBXBuildFile; fileRef = 91FCDC3D209A3CBA00CF3762 /* CommonHealthData.swift */; };
		91FCDC40209A419500CF3762 /* HealthAdapter.swift in Sources */ = {isa = PBXBuildFile; fileRef = 91FCDC3F209A419500CF3762 /* HealthAdapter.swift */; };
/* End PBXBuildFile section */

/* Begin PBXFileReference section */
		39B93C2D0E3D63FD4CF0D662 /* Pods-HealthKitStudy.release.xcconfig */ = {isa = PBXFileReference; includeInIndex = 1; lastKnownFileType = text.xcconfig; name = "Pods-HealthKitStudy.release.xcconfig"; path = "Pods/Target Support Files/Pods-HealthKitStudy/Pods-HealthKitStudy.release.xcconfig"; sourceTree = "<group>"; };
		414E4329D3F3FA7261454F50 /* Pods_HealthKitStudy.framework */ = {isa = PBXFileReference; explicitFileType = wrapper.framework; includeInIndex = 0; path = Pods_HealthKitStudy.framework; sourceTree = BUILT_PRODUCTS_DIR; };
		915C9DB6209267FB00A9B5DD /* WorkoutsViewController.swift */ = {isa = PBXFileReference; lastKnownFileType = sourcecode.swift; path = WorkoutsViewController.swift; sourceTree = "<group>"; };
		915C9DB82092681500A9B5DD /* HealthKitBaseViewController.swift */ = {isa = PBXFileReference; lastKnownFileType = sourcecode.swift; path = HealthKitBaseViewController.swift; sourceTree = "<group>"; };
		91740F3C208FA0E200A3D24A /* Podfile */ = {isa = PBXFileReference; fileEncoding = 4; lastKnownFileType = text; path = Podfile; sourceTree = SOURCE_ROOT; };
		91740F3E208FA11700A3D24A /* SleepingAnalysisViewController.swift */ = {isa = PBXFileReference; lastKnownFileType = sourcecode.swift; path = SleepingAnalysisViewController.swift; sourceTree = "<group>"; };
		91740F42208FB34300A3D24A /* DayAxisValueFormatter.swift */ = {isa = PBXFileReference; fileEncoding = 4; lastKnownFileType = sourcecode.swift; path = DayAxisValueFormatter.swift; sourceTree = "<group>"; };
		91740F44208FC2F600A3D24A /* SleepingAnalysisChartViewController.swift */ = {isa = PBXFileReference; lastKnownFileType = sourcecode.swift; path = SleepingAnalysisChartViewController.swift; sourceTree = "<group>"; };
		91740F46208FCC6A00A3D24A /* ActivityViewController.swift */ = {isa = PBXFileReference; lastKnownFileType = sourcecode.swift; path = ActivityViewController.swift; sourceTree = "<group>"; };
		91C80C3520893F2D00013140 /* HealthKitStudy.app */ = {isa = PBXFileReference; explicitFileType = wrapper.application; includeInIndex = 0; path = HealthKitStudy.app; sourceTree = BUILT_PRODUCTS_DIR; };
		91C80C3820893F2D00013140 /* AppDelegate.swift */ = {isa = PBXFileReference; lastKnownFileType = sourcecode.swift; path = AppDelegate.swift; sourceTree = "<group>"; };
		91C80C3A20893F2D00013140 /* MasterViewController.swift */ = {isa = PBXFileReference; lastKnownFileType = sourcecode.swift; path = MasterViewController.swift; sourceTree = "<group>"; };
		91C80C3C20893F2D00013140 /* DetailViewController.swift */ = {isa = PBXFileReference; lastKnownFileType = sourcecode.swift; path = DetailViewController.swift; sourceTree = "<group>"; };
		91C80C3F20893F2D00013140 /* Base */ = {isa = PBXFileReference; lastKnownFileType = file.storyboard; name = Base; path = Base.lproj/Main.storyboard; sourceTree = "<group>"; };
		91C80C4120893F2F00013140 /* Assets.xcassets */ = {isa = PBXFileReference; lastKnownFileType = folder.assetcatalog; path = Assets.xcassets; sourceTree = "<group>"; };
		91C80C4420893F2F00013140 /* Base */ = {isa = PBXFileReference; lastKnownFileType = file.storyboard; name = Base; path = Base.lproj/LaunchScreen.storyboard; sourceTree = "<group>"; };
		91C80C4620893F2F00013140 /* Info.plist */ = {isa = PBXFileReference; lastKnownFileType = text.plist.xml; path = Info.plist; sourceTree = "<group>"; };
		91C80C4F20894A2500013140 /* HealthKitStudy.entitlements */ = {isa = PBXFileReference; lastKnownFileType = text.plist.entitlements; path = HealthKitStudy.entitlements; sourceTree = "<group>"; };
		91C80C5020894AB700013140 /* HealthKit.framework */ = {isa = PBXFileReference; lastKnownFileType = wrapper.framework; name = HealthKit.framework; path = System/Library/Frameworks/HealthKit.framework; sourceTree = SDKROOT; };
		91FCDC3D209A3CBA00CF3762 /* CommonHealthData.swift */ = {isa = PBXFileReference; lastKnownFileType = sourcecode.swift; path = CommonHealthData.swift; sourceTree = "<group>"; };
		91FCDC3F209A419500CF3762 /* HealthAdapter.swift */ = {isa = PBXFileReference; lastKnownFileType = sourcecode.swift; path = HealthAdapter.swift; sourceTree = "<group>"; };
		E7C50E4E20A8C20BB6A2FCFE /* Pods-HealthKitStudy.debug.xcconfig */ = {isa = PBXFileReference; includeInIndex = 1; lastKnownFileType = text.xcconfig; name = "Pods-HealthKitStudy.debug.xcconfig"; path = "Pods/Target Support Files/Pods-HealthKitStudy/Pods-HealthKitStudy.debug.xcconfig"; sourceTree = "<group>"; };
/* End PBXFileReference section */

/* Begin PBXFrameworksBuildPhase section */
		91C80C3220893F2D00013140 /* Frameworks */ = {
			isa = PBXFrameworksBuildPhase;
			buildActionMask = 2147483647;
			files = (
				91C80C5120894AB700013140 /* HealthKit.framework in Frameworks */,
				02B69B4A30F59A8E827E8145 /* Pods_HealthKitStudy.framework in Frameworks */,
			);
			runOnlyForDeploymentPostprocessing = 0;
		};
/* End PBXFrameworksBuildPhase section */

/* Begin PBXGroup section */
		91C80C2C20893F2D00013140 = {
			isa = PBXGroup;
			children = (
				91C80C3720893F2D00013140 /* HealthKitStudy */,
				91C80C3620893F2D00013140 /* Products */,
				91C80C4C20894A2500013140 /* Frameworks */,
				AF98245FB4EE11C38EC48DA2 /* Pods */,
			);
			sourceTree = "<group>";
		};
		91C80C3620893F2D00013140 /* Products */ = {
			isa = PBXGroup;
			children = (
				91C80C3520893F2D00013140 /* HealthKitStudy.app */,
			);
			name = Products;
			sourceTree = "<group>";
		};
		91C80C3720893F2D00013140 /* HealthKitStudy */ = {
			isa = PBXGroup;
			children = (
				91C80C4F20894A2500013140 /* HealthKitStudy.entitlements */,
				91C80C3820893F2D00013140 /* AppDelegate.swift */,
				91C80C3A20893F2D00013140 /* MasterViewController.swift */,
				91C80C3C20893F2D00013140 /* DetailViewController.swift */,
				91740F3E208FA11700A3D24A /* SleepingAnalysisViewController.swift */,
				91740F46208FCC6A00A3D24A /* ActivityViewController.swift */,
				91FCDC3D209A3CBA00CF3762 /* CommonHealthData.swift */,
				91FCDC3F209A419500CF3762 /* HealthAdapter.swift */,
				91740F44208FC2F600A3D24A /* SleepingAnalysisChartViewController.swift */,
				915C9DB6209267FB00A9B5DD /* WorkoutsViewController.swift */,
				915C9DB82092681500A9B5DD /* HealthKitBaseViewController.swift */,
				91C80C3E20893F2D00013140 /* Main.storyboard */,
				91C80C4120893F2F00013140 /* Assets.xcassets */,
				91C80C4320893F2F00013140 /* LaunchScreen.storyboard */,
				91740F42208FB34300A3D24A /* DayAxisValueFormatter.swift */,
				91C80C4620893F2F00013140 /* Info.plist */,
				91740F3C208FA0E200A3D24A /* Podfile */,
			);
			path = HealthKitStudy;
			sourceTree = "<group>";
		};
		91C80C4C20894A2500013140 /* Frameworks */ = {
			isa = PBXGroup;
			children = (
				91C80C5020894AB700013140 /* HealthKit.framework */,
				414E4329D3F3FA7261454F50 /* Pods_HealthKitStudy.framework */,
			);
			name = Frameworks;
			sourceTree = "<group>";
		};
		AF98245FB4EE11C38EC48DA2 /* Pods */ = {
			isa = PBXGroup;
			children = (
				E7C50E4E20A8C20BB6A2FCFE /* Pods-HealthKitStudy.debug.xcconfig */,
				39B93C2D0E3D63FD4CF0D662 /* Pods-HealthKitStudy.release.xcconfig */,
			);
			name = Pods;
			sourceTree = "<group>";
		};
/* End PBXGroup section */

/* Begin PBXNativeTarget section */
		91C80C3420893F2D00013140 /* HealthKitStudy */ = {
			isa = PBXNativeTarget;
			buildConfigurationList = 91C80C4920893F2F00013140 /* Build configuration list for PBXNativeTarget "HealthKitStudy" */;
			buildPhases = (
				45EA108DB34C4F484999C449 /* [CP] Check Pods Manifest.lock */,
				91C80C3120893F2D00013140 /* Sources */,
				91C80C3220893F2D00013140 /* Frameworks */,
				91C80C3320893F2D00013140 /* Resources */,
				F6675F00059C16FA4CFE0F3E /* [CP] Embed Pods Frameworks */,
			);
			buildRules = (
			);
			dependencies = (
			);
			name = HealthKitStudy;
			productName = HealthKitStudy;
			productReference = 91C80C3520893F2D00013140 /* HealthKitStudy.app */;
			productType = "com.apple.product-type.application";
		};
/* End PBXNativeTarget section */

/* Begin PBXProject section */
		91C80C2D20893F2D00013140 /* Project object */ = {
			isa = PBXProject;
			attributes = {
				LastSwiftUpdateCheck = 0930;
				LastUpgradeCheck = 0930;
				ORGANIZATIONNAME = "Vitor Rodrigues";
				TargetAttributes = {
					91C80C3420893F2D00013140 = {
						CreatedOnToolsVersion = 9.3;
						SystemCapabilities = {
							com.apple.HealthKit = {
								enabled = 1;
							};
						};
					};
				};
			};
			buildConfigurationList = 91C80C3020893F2D00013140 /* Build configuration list for PBXProject "HealthKitStudy" */;
			compatibilityVersion = "Xcode 9.3";
			developmentRegion = en;
			hasScannedForEncodings = 0;
			knownRegions = (
				en,
				Base,
			);
			mainGroup = 91C80C2C20893F2D00013140;
			productRefGroup = 91C80C3620893F2D00013140 /* Products */;
			projectDirPath = "";
			projectRoot = "";
			targets = (
				91C80C3420893F2D00013140 /* HealthKitStudy */,
			);
		};
/* End PBXProject section */

/* Begin PBXResourcesBuildPhase section */
		91C80C3320893F2D00013140 /* Resources */ = {
			isa = PBXResourcesBuildPhase;
			buildActionMask = 2147483647;
			files = (
				91C80C4520893F2F00013140 /* LaunchScreen.storyboard in Resources */,
				91C80C4220893F2F00013140 /* Assets.xcassets in Resources */,
				91740F3D208FA0E200A3D24A /* Podfile in Resources */,
				91C80C4020893F2D00013140 /* Main.storyboard in Resources */,
			);
			runOnlyForDeploymentPostprocessing = 0;
		};
/* End PBXResourcesBuildPhase section */

/* Begin PBXShellScriptBuildPhase section */
		45EA108DB34C4F484999C449 /* [CP] Check Pods Manifest.lock */ = {
			isa = PBXShellScriptBuildPhase;
			buildActionMask = 2147483647;
			files = (
			);
			inputPaths = (
				"${PODS_PODFILE_DIR_PATH}/Podfile.lock",
				"${PODS_ROOT}/Manifest.lock",
			);
			name = "[CP] Check Pods Manifest.lock";
			outputPaths = (
				"$(DERIVED_FILE_DIR)/Pods-HealthKitStudy-checkManifestLockResult.txt",
			);
			runOnlyForDeploymentPostprocessing = 0;
			shellPath = /bin/sh;
			shellScript = "diff \"${PODS_PODFILE_DIR_PATH}/Podfile.lock\" \"${PODS_ROOT}/Manifest.lock\" > /dev/null\nif [ $? != 0 ] ; then\n    # print error to STDERR\n    echo \"error: The sandbox is not in sync with the Podfile.lock. Run 'pod install' or update your CocoaPods installation.\" >&2\n    exit 1\nfi\n# This output is used by Xcode 'outputs' to avoid re-running this script phase.\necho \"SUCCESS\" > \"${SCRIPT_OUTPUT_FILE_0}\"\n";
			showEnvVarsInLog = 0;
		};
		F6675F00059C16FA4CFE0F3E /* [CP] Embed Pods Frameworks */ = {
			isa = PBXShellScriptBuildPhase;
			buildActionMask = 2147483647;
			files = (
			);
			inputPaths = (
				"${SRCROOT}/Pods/Target Support Files/Pods-HealthKitStudy/Pods-HealthKitStudy-frameworks.sh",
				"${BUILT_PRODUCTS_DIR}/Charts/Charts.framework",
			);
			name = "[CP] Embed Pods Frameworks";
			outputPaths = (
				"${TARGET_BUILD_DIR}/${FRAMEWORKS_FOLDER_PATH}/Charts.framework",
			);
			runOnlyForDeploymentPostprocessing = 0;
			shellPath = /bin/sh;
			shellScript = "\"${SRCROOT}/Pods/Target Support Files/Pods-HealthKitStudy/Pods-HealthKitStudy-frameworks.sh\"\n";
			showEnvVarsInLog = 0;
		};
/* End PBXShellScriptBuildPhase section */

/* Begin PBXSourcesBuildPhase section */
		91C80C3120893F2D00013140 /* Sources */ = {
			isa = PBXSourcesBuildPhase;
			buildActionMask = 2147483647;
			files = (
				915C9DB92092681500A9B5DD /* HealthKitBaseViewController.swift in Sources */,
				91C80C3D20893F2D00013140 /* DetailViewController.swift in Sources */,
				91740F43208FB34300A3D24A /* DayAxisValueFormatter.swift in Sources */,
				91740F3F208FA11700A3D24A /* SleepingAnalysisViewController.swift in Sources */,
				91FCDC3E209A3CBA00CF3762 /* CommonHealthData.swift in Sources */,
				91C80C3B20893F2D00013140 /* MasterViewController.swift in Sources */,
				915C9DB7209267FB00A9B5DD /* WorkoutsViewController.swift in Sources */,
				91740F47208FCC6A00A3D24A /* ActivityViewController.swift in Sources */,
				91740F45208FC2F600A3D24A /* SleepingAnalysisChartViewController.swift in Sources */,
				91FCDC40209A419500CF3762 /* HealthAdapter.swift in Sources */,
				91C80C3920893F2D00013140 /* AppDelegate.swift in Sources */,
			);
			runOnlyForDeploymentPostprocessing = 0;
		};
/* End PBXSourcesBuildPhase section */

/* Begin PBXVariantGroup section */
		91C80C3E20893F2D00013140 /* Main.storyboard */ = {
			isa = PBXVariantGroup;
			children = (
				91C80C3F20893F2D00013140 /* Base */,
			);
			name = Main.storyboard;
			sourceTree = "<group>";
		};
		91C80C4320893F2F00013140 /* LaunchScreen.storyboard */ = {
			isa = PBXVariantGroup;
			children = (
				91C80C4420893F2F00013140 /* Base */,
			);
			name = LaunchScreen.storyboard;
			sourceTree = "<group>";
		};
/* End PBXVariantGroup section */

/* Begin XCBuildConfiguration section */
		91C80C4720893F2F00013140 /* Debug */ = {
			isa = XCBuildConfiguration;
			buildSettings = {
				ALWAYS_SEARCH_USER_PATHS = NO;
				CLANG_ANALYZER_NONNULL = YES;
				CLANG_ANALYZER_NUMBER_OBJECT_CONVERSION = YES_AGGRESSIVE;
				CLANG_CXX_LANGUAGE_STANDARD = "gnu++14";
				CLANG_CXX_LIBRARY = "libc++";
				CLANG_ENABLE_MODULES = YES;
				CLANG_ENABLE_OBJC_ARC = YES;
				CLANG_ENABLE_OBJC_WEAK = YES;
				CLANG_WARN_BLOCK_CAPTURE_AUTORELEASING = YES;
				CLANG_WARN_BOOL_CONVERSION = YES;
				CLANG_WARN_COMMA = YES;
				CLANG_WARN_CONSTANT_CONVERSION = YES;
				CLANG_WARN_DEPRECATED_OBJC_IMPLEMENTATIONS = YES;
				CLANG_WARN_DIRECT_OBJC_ISA_USAGE = YES_ERROR;
				CLANG_WARN_DOCUMENTATION_COMMENTS = YES;
				CLANG_WARN_EMPTY_BODY = YES;
				CLANG_WARN_ENUM_CONVERSION = YES;
				CLANG_WARN_INFINITE_RECURSION = YES;
				CLANG_WARN_INT_CONVERSION = YES;
				CLANG_WARN_NON_LITERAL_NULL_CONVERSION = YES;
				CLANG_WARN_OBJC_IMPLICIT_RETAIN_SELF = YES;
				CLANG_WARN_OBJC_LITERAL_CONVERSION = YES;
				CLANG_WARN_OBJC_ROOT_CLASS = YES_ERROR;
				CLANG_WARN_RANGE_LOOP_ANALYSIS = YES;
				CLANG_WARN_STRICT_PROTOTYPES = YES;
				CLANG_WARN_SUSPICIOUS_MOVE = YES;
				CLANG_WARN_UNGUARDED_AVAILABILITY = YES_AGGRESSIVE;
				CLANG_WARN_UNREACHABLE_CODE = YES;
				CLANG_WARN__DUPLICATE_METHOD_MATCH = YES;
				CODE_SIGN_IDENTITY = "iPhone Developer";
				COPY_PHASE_STRIP = NO;
				DEBUG_INFORMATION_FORMAT = dwarf;
				ENABLE_STRICT_OBJC_MSGSEND = YES;
				ENABLE_TESTABILITY = YES;
				GCC_C_LANGUAGE_STANDARD = gnu11;
				GCC_DYNAMIC_NO_PIC = NO;
				GCC_NO_COMMON_BLOCKS = YES;
				GCC_OPTIMIZATION_LEVEL = 0;
				GCC_PREPROCESSOR_DEFINITIONS = (
					"DEBUG=1",
					"$(inherited)",
				);
				GCC_WARN_64_TO_32_BIT_CONVERSION = YES;
				GCC_WARN_ABOUT_RETURN_TYPE = YES_ERROR;
				GCC_WARN_UNDECLARED_SELECTOR = YES;
				GCC_WARN_UNINITIALIZED_AUTOS = YES_AGGRESSIVE;
				GCC_WARN_UNUSED_FUNCTION = YES;
				GCC_WARN_UNUSED_VARIABLE = YES;
				IPHONEOS_DEPLOYMENT_TARGET = 11.3;
				MTL_ENABLE_DEBUG_INFO = YES;
				ONLY_ACTIVE_ARCH = YES;
				SDKROOT = iphoneos;
				SWIFT_ACTIVE_COMPILATION_CONDITIONS = DEBUG;
				SWIFT_OPTIMIZATION_LEVEL = "-Onone";
			};
			name = Debug;
		};
		91C80C4820893F2F00013140 /* Release */ = {
			isa = XCBuildConfiguration;
			buildSettings = {
				ALWAYS_SEARCH_USER_PATHS = NO;
				CLANG_ANALYZER_NONNULL = YES;
				CLANG_ANALYZER_NUMBER_OBJECT_CONVERSION = YES_AGGRESSIVE;
				CLANG_CXX_LANGUAGE_STANDARD = "gnu++14";
				CLANG_CXX_LIBRARY = "libc++";
				CLANG_ENABLE_MODULES = YES;
				CLANG_ENABLE_OBJC_ARC = YES;
				CLANG_ENABLE_OBJC_WEAK = YES;
				CLANG_WARN_BLOCK_CAPTURE_AUTORELEASING = YES;
				CLANG_WARN_BOOL_CONVERSION = YES;
				CLANG_WARN_COMMA = YES;
				CLANG_WARN_CONSTANT_CONVERSION = YES;
				CLANG_WARN_DEPRECATED_OBJC_IMPLEMENTATIONS = YES;
				CLANG_WARN_DIRECT_OBJC_ISA_USAGE = YES_ERROR;
				CLANG_WARN_DOCUMENTATION_COMMENTS = YES;
				CLANG_WARN_EMPTY_BODY = YES;
				CLANG_WARN_ENUM_CONVERSION = YES;
				CLANG_WARN_INFINITE_RECURSION = YES;
				CLANG_WARN_INT_CONVERSION = YES;
				CLANG_WARN_NON_LITERAL_NULL_CONVERSION = YES;
				CLANG_WARN_OBJC_IMPLICIT_RETAIN_SELF = YES;
				CLANG_WARN_OBJC_LITERAL_CONVERSION = YES;
				CLANG_WARN_OBJC_ROOT_CLASS = YES_ERROR;
				CLANG_WARN_RANGE_LOOP_ANALYSIS = YES;
				CLANG_WARN_STRICT_PROTOTYPES = YES;
				CLANG_WARN_SUSPICIOUS_MOVE = YES;
				CLANG_WARN_UNGUARDED_AVAILABILITY = YES_AGGRESSIVE;
				CLANG_WARN_UNREACHABLE_CODE = YES;
				CLANG_WARN__DUPLICATE_METHOD_MATCH = YES;
				CODE_SIGN_IDENTITY = "iPhone Developer";
				COPY_PHASE_STRIP = NO;
				DEBUG_INFORMATION_FORMAT = "dwarf-with-dsym";
				ENABLE_NS_ASSERTIONS = NO;
				ENABLE_STRICT_OBJC_MSGSEND = YES;
				GCC_C_LANGUAGE_STANDARD = gnu11;
				GCC_NO_COMMON_BLOCKS = YES;
				GCC_WARN_64_TO_32_BIT_CONVERSION = YES;
				GCC_WARN_ABOUT_RETURN_TYPE = YES_ERROR;
				GCC_WARN_UNDECLARED_SELECTOR = YES;
				GCC_WARN_UNINITIALIZED_AUTOS = YES_AGGRESSIVE;
				GCC_WARN_UNUSED_FUNCTION = YES;
				GCC_WARN_UNUSED_VARIABLE = YES;
				IPHONEOS_DEPLOYMENT_TARGET = 11.3;
				MTL_ENABLE_DEBUG_INFO = NO;
				SDKROOT = iphoneos;
				SWIFT_COMPILATION_MODE = wholemodule;
				SWIFT_OPTIMIZATION_LEVEL = "-O";
				VALIDATE_PRODUCT = YES;
			};
			name = Release;
		};
		91C80C4A20893F2F00013140 /* Debug */ = {
			isa = XCBuildConfiguration;
			baseConfigurationReference = E7C50E4E20A8C20BB6A2FCFE /* Pods-HealthKitStudy.debug.xcconfig */;
			buildSettings = {
				ASSETCATALOG_COMPILER_APPICON_NAME = AppIcon;
				CODE_SIGN_ENTITLEMENTS = HealthKitStudy/HealthKitStudy.entitlements;
				CODE_SIGN_STYLE = Automatic;
				DEVELOPMENT_TEAM = EL4SH69XY3;
				INFOPLIST_FILE = HealthKitStudy/Info.plist;
				IPHONEOS_DEPLOYMENT_TARGET = 9.0;
				LD_RUNPATH_SEARCH_PATHS = (
					"$(inherited)",
					"@executable_path/Frameworks",
				);
				PRODUCT_BUNDLE_IDENTIFIER = com.vitorrodrigues.studies.HealthKitStudy;
				PRODUCT_NAME = "$(TARGET_NAME)";
				SWIFT_VERSION = 4.0;
				TARGETED_DEVICE_FAMILY = "1,2";
			};
			name = Debug;
		};
		91C80C4B20893F2F00013140 /* Release */ = {
			isa = XCBuildConfiguration;
			baseConfigurationReference = 39B93C2D0E3D63FD4CF0D662 /* Pods-HealthKitStudy.release.xcconfig */;
			buildSettings = {
				ASSETCATALOG_COMPILER_APPICON_NAME = AppIcon;
				CODE_SIGN_ENTITLEMENTS = HealthKitStudy/HealthKitStudy.entitlements;
				CODE_SIGN_STYLE = Automatic;
				DEVELOPMENT_TEAM = EL4SH69XY3;
				INFOPLIST_FILE = HealthKitStudy/Info.plist;
				IPHONEOS_DEPLOYMENT_TARGET = 9.0;
				LD_RUNPATH_SEARCH_PATHS = (
					"$(inherited)",
					"@executable_path/Frameworks",
				);
				PRODUCT_BUNDLE_IDENTIFIER = com.vitorrodrigues.studies.HealthKitStudy;
				PRODUCT_NAME = "$(TARGET_NAME)";
				SWIFT_VERSION = 4.0;
				TARGETED_DEVICE_FAMILY = "1,2";
			};
			name = Release;
		};
/* End XCBuildConfiguration section */

/* Begin XCConfigurationList section */
		91C80C3020893F2D00013140 /* Build configuration list for PBXProject "HealthKitStudy" */ = {
			isa = XCConfigurationList;
			buildConfigurations = (
				91C80C4720893F2F00013140 /* Debug */,
				91C80C4820893F2F00013140 /* Release */,
			);
			defaultConfigurationIsVisible = 0;
			defaultConfigurationName = Release;
		};
		91C80C4920893F2F00013140 /* Build configuration list for PBXNativeTarget "HealthKitStudy" */ = {
			isa = XCConfigurationList;
			buildConfigurations = (
				91C80C4A20893F2F00013140 /* Debug */,
				91C80C4B20893F2F00013140 /* Release */,
			);
			defaultConfigurationIsVisible = 0;
			defaultConfigurationName = Release;
		};
/* End XCConfigurationList section */
	};
	rootObject = 91C80C2D20893F2D00013140 /* Project object */;
}
